// !$*UTF8*$!
{
	archiveVersion = 1;
	classes = {
	};
	objectVersion = 48;
	objects = {

/* Begin PBXBuildFile section */
		B538DC322051D9F20028D81F /* AppDelegate.swift in Sources */ = {isa = PBXBuildFile; fileRef = B538DC312051D9F20028D81F /* AppDelegate.swift */; };
		B538DC342051D9F20028D81F /* ViewController.swift in Sources */ = {isa = PBXBuildFile; fileRef = B538DC332051D9F20028D81F /* ViewController.swift */; };
		B538DC372051D9F20028D81F /* Main.storyboard in Resources */ = {isa = PBXBuildFile; fileRef = B538DC352051D9F20028D81F /* Main.storyboard */; };
		B538DC392051D9F20028D81F /* Assets.xcassets in Resources */ = {isa = PBXBuildFile; fileRef = B538DC382051D9F20028D81F /* Assets.xcassets */; };
		B538DC3C2051D9F20028D81F /* LaunchScreen.storyboard in Resources */ = {isa = PBXBuildFile; fileRef = B538DC3A2051D9F20028D81F /* LaunchScreen.storyboard */; };
		B538DC472051D9F20028D81F /* catAgeTests.swift in Sources */ = {isa = PBXBuildFile; fileRef = B538DC462051D9F20028D81F /* catAgeTests.swift */; };
		B538DC522051D9F20028D81F /* catAgeUITests.swift in Sources */ = {isa = PBXBuildFile; fileRef = B538DC512051D9F20028D81F /* catAgeUITests.swift */; };
		B538DC622051EA3E0028D81F /* cat-portrait-871298226830JRi.jpg in Resources */ = {isa = PBXBuildFile; fileRef = B538DC612051EA3D0028D81F /* cat-portrait-871298226830JRi.jpg */; };
/* End PBXBuildFile section */

/* Begin PBXContainerItemProxy section */
		B538DC432051D9F20028D81F /* PBXContainerItemProxy */ = {
			isa = PBXContainerItemProxy;
			containerPortal = B538DC262051D9F20028D81F /* Project object */;
			proxyType = 1;
			remoteGlobalIDString = B538DC2D2051D9F20028D81F;
			remoteInfo = catAge;
		};
		B538DC4E2051D9F20028D81F /* PBXContainerItemProxy */ = {
			isa = PBXContainerItemProxy;
			containerPortal = B538DC262051D9F20028D81F /* Project object */;
			proxyType = 1;
			remoteGlobalIDString = B538DC2D2051D9F20028D81F;
			remoteInfo = catAge;
		};
/* End PBXContainerItemProxy section */

/* Begin PBXFileReference section */
		B538DC2E2051D9F20028D81F /* catAge.app */ = {isa = PBXFileReference; explicitFileType = wrapper.application; includeInIndex = 0; path = catAge.app; sourceTree = BUILT_PRODUCTS_DIR; };
		B538DC312051D9F20028D81F /* AppDelegate.swift */ = {isa = PBXFileReference; lastKnownFileType = sourcecode.swift; path = AppDelegate.swift; sourceTree = "<group>"; };
		B538DC332051D9F20028D81F /* ViewController.swift */ = {isa = PBXFileReference; lastKnownFileType = sourcecode.swift; path = ViewController.swift; sourceTree = "<group>"; };
		B538DC362051D9F20028D81F /* Base */ = {isa = PBXFileReference; lastKnownFileType = file.storyboard; name = Base; path = Base.lproj/Main.storyboard; sourceTree = "<group>"; };
		B538DC382051D9F20028D81F /* Assets.xcassets */ = {isa = PBXFileReference; lastKnownFileType = folder.assetcatalog; path = Assets.xcassets; sourceTree = "<group>"; };
		B538DC3B2051D9F20028D81F /* Base */ = {isa = PBXFileReference; lastKnownFileType = file.storyboard; name = Base; path = Base.lproj/LaunchScreen.storyboard; sourceTree = "<group>"; };
		B538DC3D2051D9F20028D81F /* Info.plist */ = {isa = PBXFileReference; lastKnownFileType = text.plist.xml; path = Info.plist; sourceTree = "<group>"; };
		B538DC422051D9F20028D81F /* catAgeTests.xctest */ = {isa = PBXFileReference; explicitFileType = wrapper.cfbundle; includeInIndex = 0; path = catAgeTests.xctest; sourceTree = BUILT_PRODUCTS_DIR; };
		B538DC462051D9F20028D81F /* catAgeTests.swift */ = {isa = PBXFileReference; lastKnownFileType = sourcecode.swift; path = catAgeTests.swift; sourceTree = "<group>"; };
		B538DC482051D9F20028D81F /* Info.plist */ = {isa = PBXFileReference; lastKnownFileType = text.plist.xml; path = Info.plist; sourceTree = "<group>"; };
		B538DC4D2051D9F20028D81F /* catAgeUITests.xctest */ = {isa = PBXFileReference; explicitFileType = wrapper.cfbundle; includeInIndex = 0; path = catAgeUITests.xctest; sourceTree = BUILT_PRODUCTS_DIR; };
		B538DC512051D9F20028D81F /* catAgeUITests.swift */ = {isa = PBXFileReference; lastKnownFileType = sourcecode.swift; path = catAgeUITests.swift; sourceTree = "<group>"; };
		B538DC532051D9F20028D81F /* Info.plist */ = {isa = PBXFileReference; lastKnownFileType = text.plist.xml; path = Info.plist; sourceTree = "<group>"; };
		B538DC612051EA3D0028D81F /* cat-portrait-871298226830JRi.jpg */ = {isa = PBXFileReference; lastKnownFileType = image.jpeg; path = "cat-portrait-871298226830JRi.jpg"; sourceTree = "<group>"; };
/* End PBXFileReference section */

/* Begin PBXFrameworksBuildPhase section */
		B538DC2B2051D9F20028D81F /* Frameworks */ = {
			isa = PBXFrameworksBuildPhase;
			buildActionMask = 2147483647;
			files = (
			);
			runOnlyForDeploymentPostprocessing = 0;
		};
		B538DC3F2051D9F20028D81F /* Frameworks */ = {
			isa = PBXFrameworksBuildPhase;
			buildActionMask = 2147483647;
			files = (
			);
			runOnlyForDeploymentPostprocessing = 0;
		};
		B538DC4A2051D9F20028D81F /* Frameworks */ = {
			isa = PBXFrameworksBuildPhase;
			buildActionMask = 2147483647;
			files = (
			);
			runOnlyForDeploymentPostprocessing = 0;
		};
/* End PBXFrameworksBuildPhase section */

/* Begin PBXGroup section */
		B538DC252051D9F20028D81F = {
			isa = PBXGroup;
			children = (
				B538DC302051D9F20028D81F /* catAge */,
				B538DC452051D9F20028D81F /* catAgeTests */,
				B538DC502051D9F20028D81F /* catAgeUITests */,
				B538DC2F2051D9F20028D81F /* Products */,
			);
			sourceTree = "<group>";
		};
		B538DC2F2051D9F20028D81F /* Products */ = {
			isa = PBXGroup;
			children = (
				B538DC2E2051D9F20028D81F /* catAge.app */,
				B538DC422051D9F20028D81F /* catAgeTests.xctest */,
				B538DC4D2051D9F20028D81F /* catAgeUITests.xctest */,
			);
			name = Products;
			sourceTree = "<group>";
		};
		B538DC302051D9F20028D81F /* catAge */ = {
			isa = PBXGroup;
			children = (
				B538DC312051D9F20028D81F /* AppDelegate.swift */,
				B538DC332051D9F20028D81F /* ViewController.swift */,
				B538DC352051D9F20028D81F /* Main.storyboard */,
				B538DC382051D9F20028D81F /* Assets.xcassets */,
				B538DC3A2051D9F20028D81F /* LaunchScreen.storyboard */,
				B538DC3D2051D9F20028D81F /* Info.plist */,
				B538DC612051EA3D0028D81F /* cat-portrait-871298226830JRi.jpg */,
			);
			path = catAge;
			sourceTree = "<group>";
		};
		B538DC452051D9F20028D81F /* catAgeTests */ = {
			isa = PBXGroup;
			children = (
				B538DC462051D9F20028D81F /* catAgeTests.swift */,
				B538DC482051D9F20028D81F /* Info.plist */,
			);
			path = catAgeTests;
			sourceTree = "<group>";
		};
		B538DC502051D9F20028D81F /* catAgeUITests */ = {
			isa = PBXGroup;
			children = (
				B538DC512051D9F20028D81F /* catAgeUITests.swift */,
				B538DC532051D9F20028D81F /* Info.plist */,
			);
			path = catAgeUITests;
			sourceTree = "<group>";
		};
/* End PBXGroup section */

/* Begin PBXNativeTarget section */
		B538DC2D2051D9F20028D81F /* catAge */ = {
			isa = PBXNativeTarget;
			buildConfigurationList = B538DC562051D9F20028D81F /* Build configuration list for PBXNativeTarget "catAge" */;
			buildPhases = (
				B538DC2A2051D9F20028D81F /* Sources */,
				B538DC2B2051D9F20028D81F /* Frameworks */,
				B538DC2C2051D9F20028D81F /* Resources */,
			);
			buildRules = (
			);
			dependencies = (
			);
			name = catAge;
			productName = catAge;
			productReference = B538DC2E2051D9F20028D81F /* catAge.app */;
			productType = "com.apple.product-type.application";
		};
		B538DC412051D9F20028D81F /* catAgeTests */ = {
			isa = PBXNativeTarget;
			buildConfigurationList = B538DC592051D9F20028D81F /* Build configuration list for PBXNativeTarget "catAgeTests" */;
			buildPhases = (
				B538DC3E2051D9F20028D81F /* Sources */,
				B538DC3F2051D9F20028D81F /* Frameworks */,
				B538DC402051D9F20028D81F /* Resources */,
			);
			buildRules = (
			);
			dependencies = (
				B538DC442051D9F20028D81F /* PBXTargetDependency */,
			);
			name = catAgeTests;
			productName = catAgeTests;
			productReference = B538DC422051D9F20028D81F /* catAgeTests.xctest */;
			productType = "com.apple.product-type.bundle.unit-test";
		};
		B538DC4C2051D9F20028D81F /* catAgeUITests */ = {
			isa = PBXNativeTarget;
			buildConfigurationList = B538DC5C2051D9F20028D81F /* Build configuration list for PBXNativeTarget "catAgeUITests" */;
			buildPhases = (
				B538DC492051D9F20028D81F /* Sources */,
				B538DC4A2051D9F20028D81F /* Frameworks */,
				B538DC4B2051D9F20028D81F /* Resources */,
			);
			buildRules = (
			);
			dependencies = (
				B538DC4F2051D9F20028D81F /* PBXTargetDependency */,
			);
			name = catAgeUITests;
			productName = catAgeUITests;
			productReference = B538DC4D2051D9F20028D81F /* catAgeUITests.xctest */;
			productType = "com.apple.product-type.bundle.ui-testing";
		};
/* End PBXNativeTarget section */

/* Begin PBXProject section */
		B538DC262051D9F20028D81F /* Project object */ = {
			isa = PBXProject;
			attributes = {
				LastSwiftUpdateCheck = 0920;
				LastUpgradeCheck = 0920;
				ORGANIZATIONNAME = "Adam Moore";
				TargetAttributes = {
					B538DC2D2051D9F20028D81F = {
						CreatedOnToolsVersion = 9.2;
						ProvisioningStyle = Automatic;
					};
					B538DC412051D9F20028D81F = {
						CreatedOnToolsVersion = 9.2;
						ProvisioningStyle = Automatic;
						TestTargetID = B538DC2D2051D9F20028D81F;
					};
					B538DC4C2051D9F20028D81F = {
						CreatedOnToolsVersion = 9.2;
						ProvisioningStyle = Automatic;
						TestTargetID = B538DC2D2051D9F20028D81F;
					};
				};
			};
			buildConfigurationList = B538DC292051D9F20028D81F /* Build configuration list for PBXProject "catAge" */;
			compatibilityVersion = "Xcode 8.0";
			developmentRegion = en;
			hasScannedForEncodings = 0;
			knownRegions = (
				en,
				Base,
			);
			mainGroup = B538DC252051D9F20028D81F;
			productRefGroup = B538DC2F2051D9F20028D81F /* Products */;
			projectDirPath = "";
			projectRoot = "";
			targets = (
				B538DC2D2051D9F20028D81F /* catAge */,
				B538DC412051D9F20028D81F /* catAgeTests */,
				B538DC4C2051D9F20028D81F /* catAgeUITests */,
			);
		};
/* End PBXProject section */

/* Begin PBXResourcesBuildPhase section */
		B538DC2C2051D9F20028D81F /* Resources */ = {
			isa = PBXResourcesBuildPhase;
			buildActionMask = 2147483647;
			files = (
				B538DC3C2051D9F20028D81F /* LaunchScreen.storyboard in Resources */,
				B538DC392051D9F20028D81F /* Assets.xcassets in Resources */,
				B538DC622051EA3E0028D81F /* cat-portrait-871298226830JRi.jpg in Resources */,
				B538DC372051D9F20028D81F /* Main.storyboard in Resources */,
			);
			runOnlyForDeploymentPostprocessing = 0;
		};
		B538DC402051D9F20028D81F /* Resources */ = {
			isa = PBXResourcesBuildPhase;
			buildActionMask = 2147483647;
			files = (
			);
			runOnlyForDeploymentPostprocessing = 0;
		};
		B538DC4B2051D9F20028D81F /* Resources */ = {
			isa = PBXResourcesBuildPhase;
			buildActionMask = 2147483647;
			files = (
			);
			runOnlyForDeploymentPostprocessing = 0;
		};
/* End PBXResourcesBuildPhase section */

/* Begin PBXSourcesBuildPhase section */
		B538DC2A2051D9F20028D81F /* Sources */ = {
			isa = PBXSourcesBuildPhase;
			buildActionMask = 2147483647;
			files = (
				B538DC342051D9F20028D81F /* ViewController.swift in Sources */,
				B538DC322051D9F20028D81F /* AppDelegate.swift in Sources */,
			);
			runOnlyForDeploymentPostprocessing = 0;
		};
		B538DC3E2051D9F20028D81F /* Sources */ = {
			isa = PBXSourcesBuildPhase;
			buildActionMask = 2147483647;
			files = (
				B538DC472051D9F20028D81F /* catAgeTests.swift in Sources */,
			);
			runOnlyForDeploymentPostprocessing = 0;
		};
		B538DC492051D9F20028D81F /* Sources */ = {
			isa = PBXSourcesBuildPhase;
			buildActionMask = 2147483647;
			files = (
				B538DC522051D9F20028D81F /* catAgeUITests.swift in Sources */,
			);
			runOnlyForDeploymentPostprocessing = 0;
		};
/* End PBXSourcesBuildPhase section */

/* Begin PBXTargetDependency section */
		B538DC442051D9F20028D81F /* PBXTargetDependency */ = {
			isa = PBXTargetDependency;
			target = B538DC2D2051D9F20028D81F /* catAge */;
			targetProxy = B538DC432051D9F20028D81F /* PBXContainerItemProxy */;
		};
		B538DC4F2051D9F20028D81F /* PBXTargetDependency */ = {
			isa = PBXTargetDependency;
			target = B538DC2D2051D9F20028D81F /* catAge */;
			targetProxy = B538DC4E2051D9F20028D81F /* PBXContainerItemProxy */;
		};
/* End PBXTargetDependency section */

/* Begin PBXVariantGroup section */
		B538DC352051D9F20028D81F /* Main.storyboard */ = {
			isa = PBXVariantGroup;
			children = (
				B538DC362051D9F20028D81F /* Base */,
			);
			name = Main.storyboard;
			sourceTree = "<group>";
		};
		B538DC3A2051D9F20028D81F /* LaunchScreen.storyboard */ = {
			isa = PBXVariantGroup;
			children = (
				B538DC3B2051D9F20028D81F /* Base */,
			);
			name = LaunchScreen.storyboard;
			sourceTree = "<group>";
		};
/* End PBXVariantGroup section */

/* Begin XCBuildConfiguration section */
		B538DC542051D9F20028D81F /* Debug */ = {
			isa = XCBuildConfiguration;
			buildSettings = {
				ALWAYS_SEARCH_USER_PATHS = NO;
				CLANG_ANALYZER_NONNULL = YES;
				CLANG_ANALYZER_NUMBER_OBJECT_CONVERSION = YES_AGGRESSIVE;
				CLANG_CXX_LANGUAGE_STANDARD = "gnu++14";
				CLANG_CXX_LIBRARY = "libc++";
				CLANG_ENABLE_MODULES = YES;
				CLANG_ENABLE_OBJC_ARC = YES;
				CLANG_WARN_BLOCK_CAPTURE_AUTORELEASING = YES;
				CLANG_WARN_BOOL_CONVERSION = YES;
				CLANG_WARN_COMMA = YES;
				CLANG_WARN_CONSTANT_CONVERSION = YES;
				CLANG_WARN_DIRECT_OBJC_ISA_USAGE = YES_ERROR;
				CLANG_WARN_DOCUMENTATION_COMMENTS = YES;
				CLANG_WARN_EMPTY_BODY = YES;
				CLANG_WARN_ENUM_CONVERSION = YES;
				CLANG_WARN_INFINITE_RECURSION = YES;
				CLANG_WARN_INT_CONVERSION = YES;
				CLANG_WARN_NON_LITERAL_NULL_CONVERSION = YES;
				CLANG_WARN_OBJC_LITERAL_CONVERSION = YES;
				CLANG_WARN_OBJC_ROOT_CLASS = YES_ERROR;
				CLANG_WARN_RANGE_LOOP_ANALYSIS = YES;
				CLANG_WARN_STRICT_PROTOTYPES = YES;
				CLANG_WARN_SUSPICIOUS_MOVE = YES;
				CLANG_WARN_UNGUARDED_AVAILABILITY = YES_AGGRESSIVE;
				CLANG_WARN_UNREACHABLE_CODE = YES;
				CLANG_WARN__DUPLICATE_METHOD_MATCH = YES;
				CODE_SIGN_IDENTITY = "iPhone Developer";
				COPY_PHASE_STRIP = NO;
				DEBUG_INFORMATION_FORMAT = dwarf;
				ENABLE_STRICT_OBJC_MSGSEND = YES;
				ENABLE_TESTABILITY = YES;
				GCC_C_LANGUAGE_STANDARD = gnu11;
				GCC_DYNAMIC_NO_PIC = NO;
				GCC_NO_COMMON_BLOCKS = YES;
				GCC_OPTIMIZATION_LEVEL = 0;
				GCC_PREPROCESSOR_DEFINITIONS = (
					"DEBUG=1",
					"$(inherited)",
				);
				GCC_WARN_64_TO_32_BIT_CONVERSION = YES;
				GCC_WARN_ABOUT_RETURN_TYPE = YES_ERROR;
				GCC_WARN_UNDECLARED_SELECTOR = YES;
				GCC_WARN_UNINITIALIZED_AUTOS = YES_AGGRESSIVE;
				GCC_WARN_UNUSED_FUNCTION = YES;
				GCC_WARN_UNUSED_VARIABLE = YES;
				IPHONEOS_DEPLOYMENT_TARGET = 11.2;
				MTL_ENABLE_DEBUG_INFO = YES;
				ONLY_ACTIVE_ARCH = YES;
				SDKROOT = iphoneos;
				SWIFT_ACTIVE_COMPILATION_CONDITIONS = DEBUG;
				SWIFT_OPTIMIZATION_LEVEL = "-Onone";
			};
			name = Debug;
		};
		B538DC552051D9F20028D81F /* Release */ = {
			isa = XCBuildConfiguration;
			buildSettings = {
				ALWAYS_SEARCH_USER_PATHS = NO;
				CLANG_ANALYZER_NONNULL = YES;
				CLANG_ANALYZER_NUMBER_OBJECT_CONVERSION = YES_AGGRESSIVE;
				CLANG_CXX_LANGUAGE_STANDARD = "gnu++14";
				CLANG_CXX_LIBRARY = "libc++";
				CLANG_ENABLE_MODULES = YES;
				CLANG_ENABLE_OBJC_ARC = YES;
				CLANG_WARN_BLOCK_CAPTURE_AUTORELEASING = YES;
				CLANG_WARN_BOOL_CONVERSION = YES;
				CLANG_WARN_COMMA = YES;
				CLANG_WARN_CONSTANT_CONVERSION = YES;
				CLANG_WARN_DIRECT_OBJC_ISA_USAGE = YES_ERROR;
				CLANG_WARN_DOCUMENTATION_COMMENTS = YES;
				CLANG_WARN_EMPTY_BODY = YES;
				CLANG_WARN_ENUM_CONVERSION = YES;
				CLANG_WARN_INFINITE_RECURSION = YES;
				CLANG_WARN_INT_CONVERSION = YES;
				CLANG_WARN_NON_LITERAL_NULL_CONVERSION = YES;
				CLANG_WARN_OBJC_LITERAL_CONVERSION = YES;
				CLANG_WARN_OBJC_ROOT_CLASS = YES_ERROR;
				CLANG_WARN_RANGE_LOOP_ANALYSIS = YES;
				CLANG_WARN_STRICT_PROTOTYPES = YES;
				CLANG_WARN_SUSPICIOUS_MOVE = YES;
				CLANG_WARN_UNGUARDED_AVAILABILITY = YES_AGGRESSIVE;
				CLANG_WARN_UNREACHABLE_CODE = YES;
				CLANG_WARN__DUPLICATE_METHOD_MATCH = YES;
				CODE_SIGN_IDENTITY = "iPhone Developer";
				COPY_PHASE_STRIP = NO;
				DEBUG_INFORMATION_FORMAT = "dwarf-with-dsym";
				ENABLE_NS_ASSERTIONS = NO;
				ENABLE_STRICT_OBJC_MSGSEND = YES;
				GCC_C_LANGUAGE_STANDARD = gnu11;
				GCC_NO_COMMON_BLOCKS = YES;
				GCC_WARN_64_TO_32_BIT_CONVERSION = YES;
				GCC_WARN_ABOUT_RETURN_TYPE = YES_ERROR;
				GCC_WARN_UNDECLARED_SELECTOR = YES;
				GCC_WARN_UNINITIALIZED_AUTOS = YES_AGGRESSIVE;
				GCC_WARN_UNUSED_FUNCTION = YES;
				GCC_WARN_UNUSED_VARIABLE = YES;
				IPHONEOS_DEPLOYMENT_TARGET = 11.2;
				MTL_ENABLE_DEBUG_INFO = NO;
				SDKROOT = iphoneos;
				SWIFT_OPTIMIZATION_LEVEL = "-Owholemodule";
				VALIDATE_PRODUCT = YES;
			};
			name = Release;
		};
		B538DC572051D9F20028D81F /* Debug */ = {
			isa = XCBuildConfiguration;
			buildSettings = {
				ASSETCATALOG_COMPILER_APPICON_NAME = AppIcon;
				CODE_SIGN_STYLE = Automatic;
				DEVELOPMENT_TEAM = R23Z6QNT72;
				INFOPLIST_FILE = catAge/Info.plist;
				LD_RUNPATH_SEARCH_PATHS = "$(inherited) @executable_path/Frameworks";
				PRODUCT_BUNDLE_IDENTIFIER = com.luneOfThePune.catAge;
				PRODUCT_NAME = "$(TARGET_NAME)";
				SWIFT_VERSION = 4.0;
				TARGETED_DEVICE_FAMILY = "1,2";
			};
			name = Debug;
		};
		B538DC582051D9F20028D81F /* Release */ = {
			isa = XCBuildConfiguration;
			buildSettings = {
				ASSETCATALOG_COMPILER_APPICON_NAME = AppIcon;
				CODE_SIGN_STYLE = Automatic;
				DEVELOPMENT_TEAM = R23Z6QNT72;
				INFOPLIST_FILE = catAge/Info.plist;
				LD_RUNPATH_SEARCH_PATHS = "$(inherited) @executable_path/Frameworks";
				PRODUCT_BUNDLE_IDENTIFIER = com.luneOfThePune.catAge;
				PRODUCT_NAME = "$(TARGET_NAME)";
				SWIFT_VERSION = 4.0;
				TARGETED_DEVICE_FAMILY = "1,2";
			};
			name = Release;
		};
		B538DC5A2051D9F20028D81F /* Debug */ = {
			isa = XCBuildConfiguration;
			buildSettings = {
				ALWAYS_EMBED_SWIFT_STANDARD_LIBRARIES = YES;
				BUNDLE_LOADER = "$(TEST_HOST)";
				CODE_SIGN_STYLE = Automatic;
				DEVELOPMENT_TEAM = R23Z6QNT72;
				INFOPLIST_FILE = catAgeTests/Info.plist;
				LD_RUNPATH_SEARCH_PATHS = "$(inherited) @executable_path/Frameworks @loader_path/Frameworks";
				PRODUCT_BUNDLE_IDENTIFIER = com.luneOfThePune.catAgeTests;
				PRODUCT_NAME = "$(TARGET_NAME)";
				SWIFT_VERSION = 4.0;
				TARGETED_DEVICE_FAMILY = "1,2";
				TEST_HOST = "$(BUILT_PRODUCTS_DIR)/catAge.app/catAge";
			};
			name = Debug;
		};
		B538DC5B2051D9F20028D81F /* Release */ = {
			isa = XCBuildConfiguration;
			buildSettings = {
				ALWAYS_EMBED_SWIFT_STANDARD_LIBRARIES = YES;
				BUNDLE_LOADER = "$(TEST_HOST)";
				CODE_SIGN_STYLE = Automatic;
				DEVELOPMENT_TEAM = R23Z6QNT72;
				INFOPLIST_FILE = catAgeTests/Info.plist;
				LD_RUNPATH_SEARCH_PATHS = "$(inherited) @executable_path/Frameworks @loader_path/Frameworks";
				PRODUCT_BUNDLE_IDENTIFIER = com.luneOfThePune.catAgeTests;
				PRODUCT_NAME = "$(TARGET_NAME)";
				SWIFT_VERSION = 4.0;
				TARGETED_DEVICE_FAMILY = "1,2";
				TEST_HOST = "$(BUILT_PRODUCTS_DIR)/catAge.app/catAge";
			};
			name = Release;
		};
		B538DC5D2051D9F20028D81F /* Debug */ = {
			isa = XCBuildConfiguration;
			buildSettings = {
				ALWAYS_EMBED_SWIFT_STANDARD_LIBRARIES = YES;
				CODE_SIGN_STYLE = Automatic;
				DEVELOPMENT_TEAM = R23Z6QNT72;
				INFOPLIST_FILE = catAgeUITests/Info.plist;
				LD_RUNPATH_SEARCH_PATHS = "$(inherited) @executable_path/Frameworks @loader_path/Frameworks";
				PRODUCT_BUNDLE_IDENTIFIER = com.luneOfThePune.catAgeUITests;
				PRODUCT_NAME = "$(TARGET_NAME)";
				SWIFT_VERSION = 4.0;
				TARGETED_DEVICE_FAMILY = "1,2";
				TEST_TARGET_NAME = catAge;
			};
			name = Debug;
		};
		B538DC5E2051D9F20028D81F /* Release */ = {
			isa = XCBuildConfiguration;
			buildSettings = {
				ALWAYS_EMBED_SWIFT_STANDARD_LIBRARIES = YES;
				CODE_SIGN_STYLE = Automatic;
				DEVELOPMENT_TEAM = R23Z6QNT72;
				INFOPLIST_FILE = catAgeUITests/Info.plist;
				LD_RUNPATH_SEARCH_PATHS = "$(inherited) @executable_path/Frameworks @loader_path/Frameworks";
				PRODUCT_BUNDLE_IDENTIFIER = com.luneOfThePune.catAgeUITests;
				PRODUCT_NAME = "$(TARGET_NAME)";
				SWIFT_VERSION = 4.0;
				TARGETED_DEVICE_FAMILY = "1,2";
				TEST_TARGET_NAME = catAge;
			};
			name = Release;
		};
/* End XCBuildConfiguration section */

/* Begin XCConfigurationList section */
		B538DC292051D9F20028D81F /* Build configuration list for PBXProject "catAge" */ = {
			isa = XCConfigurationList;
			buildConfigurations = (
				B538DC542051D9F20028D81F /* Debug */,
				B538DC552051D9F20028D81F /* Release */,
			);
			defaultConfigurationIsVisible = 0;
			defaultConfigurationName = Release;
		};
		B538DC562051D9F20028D81F /* Build configuration list for PBXNativeTarget "catAge" */ = {
			isa = XCConfigurationList;
			buildConfigurations = (
				B538DC572051D9F20028D81F /* Debug */,
				B538DC582051D9F20028D81F /* Release */,
			);
			defaultConfigurationIsVisible = 0;
			defaultConfigurationName = Release;
		};
		B538DC592051D9F20028D81F /* Build configuration list for PBXNativeTarget "catAgeTests" */ = {
			isa = XCConfigurationList;
			buildConfigurations = (
				B538DC5A2051D9F20028D81F /* Debug */,
				B538DC5B2051D9F20028D81F /* Release */,
			);
			defaultConfigurationIsVisible = 0;
			defaultConfigurationName = Release;
		};
		B538DC5C2051D9F20028D81F /* Build configuration list for PBXNativeTarget "catAgeUITests" */ = {
			isa = XCConfigurationList;
			buildConfigurations = (
				B538DC5D2051D9F20028D81F /* Debug */,
				B538DC5E2051D9F20028D81F /* Release */,
			);
			defaultConfigurationIsVisible = 0;
			defaultConfigurationName = Release;
		};
/* End XCConfigurationList section */
	};
	rootObject = B538DC262051D9F20028D81F /* Project object */;
}
